{
    "version": 3,
    "terraform_version": "0.11.8",
    "serial": 1,
    "lineage": "ce12dad5-f602-5acd-bbba-bb3da40c8b1c",
    "modules": [
        {
            "path": [
                "root"
            ],
            "outputs": {},
            "resources": {
                "aws_eip.test.2": {
                    "type": "aws_eip",
                    "depends_on": [
                        "data.aws_instances.test"
                    ],
                    "primary": {
                        "id": "eipalloc-03f229095bd3ef0ee",
                        "attributes": {
                            "association_id": "eipassoc-0bea8e6874c2aef59",
                            "domain": "vpc",
                            "id": "eipalloc-03f229095bd3ef0ee",
                            "instance": "i-0bb6dc8044564b339",
                            "network_interface": "eni-26435a0d",
                            "private_ip": "172.17.2.18",
                            "public_ip": "18.224.81.101",
                            "tags.%": "0",
                            "vpc": "true"
                        },
                        "meta": {
                            "e2bfb730-ecaa-11e6-8f88-34363bc7c4c0": {
                                "delete": 180000000000,
                                "read": 900000000000,
                                "update": 300000000000
                            }
                        },
                        "tainted": false
                    },
                    "deposed": [],
                    "provider": "provider.aws"
                },
                "data.aws_instances.test": {
                    "type": "aws_instances",
                    "depends_on": [],
                    "primary": {
                        "id": "terraform-20180921052034407800000001",
                        "attributes": {
                            "filter.#": "1",
                            "filter.3523732707.name": "instance-state-name",
                            "filter.3523732707.values.#": "1",
                            "filter.3523732707.values.0": "running",
                            "id": "terraform-20180921052034407800000001",
                            "ids.#": "11",
                            "ids.0": "i-0f32af829c3714a89",
                            "ids.1": "i-071e63120a3d35b39",
                            "ids.10": "i-0c7036fccf85ad9cc",
                            "ids.2": "i-0bb6dc8044564b339",
                            "ids.3": "i-0933830ae4f247a5d",
                            "ids.4": "i-0f2cefb21fd8538d4",
                            "ids.5": "i-04c28ca9a1052d484",
                            "ids.6": "i-062e80c3d99c0fa97",
                            "ids.7": "i-0334a601a60359c5d",
                            "ids.8": "i-0e4a5841a648484ae",
                            "ids.9": "i-0234d69155324a01e",
                            "instance_state_names.#": "2",
                            "instance_state_names.3190512617": "running",
                            "instance_state_names.3390246578": "stopped",
                            "private_ips.#": "11",
                            "private_ips.0": "172.17.2.104",
                            "private_ips.1": "172.17.2.73",
                            "private_ips.10": "172.17.2.46",
                            "private_ips.2": "172.17.2.18",
                            "private_ips.3": "172.17.2.4",
                            "private_ips.4": "172.17.2.17",
                            "private_ips.5": "172.17.2.77",
                            "private_ips.6": "172.31.21.168",
                            "private_ips.7": "172.17.2.10",
                            "private_ips.8": "172.17.2.103",
                            "private_ips.9": "172.17.2.58",
                            "public_ips.#": "9",
                            "public_ips.0": "52.14.14.245",
                            "public_ips.1": "52.14.105.216",
                            "public_ips.2": "18.223.0.40",
                            "public_ips.3": "18.188.205.102",
                            "public_ips.4": "18.223.220.0",
                            "public_ips.5": "18.223.184.20",
                            "public_ips.6": "18.188.62.78",
                            "public_ips.7": "18.216.193.104",
                            "public_ips.8": "52.14.117.199"
                        },
                        "meta": {},
                        "tainted": false
                    },
                    "deposed": [],
                    "provider": "provider.aws"
                }
            },
            "depends_on": []
        }
    ]
}
